// !$*UTF8*$!
{
	archiveVersion = 1;
	classes = {
	};
	objectVersion = 56;
	objects = {

/* Begin PBXBuildFile section */
		3D516A652CAB347F001279C0 /* HelpView.swift in Sources */ = {isa = PBXBuildFile; fileRef = 3D516A642CAB347F001279C0 /* HelpView.swift */; };
		3DF13A452C9389C100DD18E7 /* N4x4App.swift in Sources */ = {isa = PBXBuildFile; fileRef = 3DF13A442C9389C100DD18E7 /* N4x4App.swift */; };
		3DF13A472C9389C100DD18E7 /* ContentView.swift in Sources */ = {isa = PBXBuildFile; fileRef = 3DF13A462C9389C100DD18E7 /* ContentView.swift */; };
		3DF13A492C9389C200DD18E7 /* Assets.xcassets in Resources */ = {isa = PBXBuildFile; fileRef = 3DF13A482C9389C200DD18E7 /* Assets.xcassets */; };
		3DF13A4C2C9389C200DD18E7 /* Preview Assets.xcassets in Resources */ = {isa = PBXBuildFile; fileRef = 3DF13A4B2C9389C200DD18E7 /* Preview Assets.xcassets */; };
		3DF13A562C9389C200DD18E7 /* N4x4Tests.swift in Sources */ = {isa = PBXBuildFile; fileRef = 3DF13A552C9389C200DD18E7 /* N4x4Tests.swift */; };
		3DF13A602C9389C200DD18E7 /* N4x4UITests.swift in Sources */ = {isa = PBXBuildFile; fileRef = 3DF13A5F2C9389C200DD18E7 /* N4x4UITests.swift */; };
		3DF13A622C9389C200DD18E7 /* N4x4UITestsLaunchTests.swift in Sources */ = {isa = PBXBuildFile; fileRef = 3DF13A612C9389C200DD18E7 /* N4x4UITestsLaunchTests.swift */; };
		3DF13A6F2C938A4F00DD18E7 /* Interval.swift in Sources */ = {isa = PBXBuildFile; fileRef = 3DF13A6E2C938A4F00DD18E7 /* Interval.swift */; };
		3DF13A712C938A6900DD18E7 /* TimerViewModel.swift in Sources */ = {isa = PBXBuildFile; fileRef = 3DF13A702C938A6900DD18E7 /* TimerViewModel.swift */; };
		3DF13A732C938A8500DD18E7 /* TimerView.swift in Sources */ = {isa = PBXBuildFile; fileRef = 3DF13A722C938A8500DD18E7 /* TimerView.swift */; };
		3DF13A752C938A9E00DD18E7 /* SettingsView.swift in Sources */ = {isa = PBXBuildFile; fileRef = 3DF13A742C938A9E00DD18E7 /* SettingsView.swift */; };
		3DF13A772C938ABA00DD18E7 /* Extensions.swift in Sources */ = {isa = PBXBuildFile; fileRef = 3DF13A762C938ABA00DD18E7 /* Extensions.swift */; };
		3DF13A792C938ACF00DD18E7 /* AudioManager.swift in Sources */ = {isa = PBXBuildFile; fileRef = 3DF13A782C938ACF00DD18E7 /* AudioManager.swift */; };
		3DF13A802C94D28B00DD18E7 /* alarm.mp3 in Resources */ = {isa = PBXBuildFile; fileRef = 3DF13A7F2C94D28B00DD18E7 /* alarm.mp3 */; };
/* End PBXBuildFile section */

/* Begin PBXContainerItemProxy section */
		3DF13A522C9389C200DD18E7 /* PBXContainerItemProxy */ = {
			isa = PBXContainerItemProxy;
			containerPortal = 3DF13A392C9389C100DD18E7 /* Project object */;
			proxyType = 1;
			remoteGlobalIDString = 3DF13A402C9389C100DD18E7;
			remoteInfo = N4x4;
		};
		3DF13A5C2C9389C200DD18E7 /* PBXContainerItemProxy */ = {
			isa = PBXContainerItemProxy;
			containerPortal = 3DF13A392C9389C100DD18E7 /* Project object */;
			proxyType = 1;
			remoteGlobalIDString = 3DF13A402C9389C100DD18E7;
			remoteInfo = N4x4;
		};
/* End PBXContainerItemProxy section */

/* Begin PBXFileReference section */
		3D516A642CAB347F001279C0 /* HelpView.swift */ = {isa = PBXFileReference; lastKnownFileType = sourcecode.swift; path = HelpView.swift; sourceTree = "<group>"; };
		3D53FCC72CA0667200E4A09A /* Info.plist */ = {isa = PBXFileReference; lastKnownFileType = text.plist; path = Info.plist; sourceTree = "<group>"; };
		3DF13A412C9389C100DD18E7 /* N4x4.app */ = {isa = PBXFileReference; explicitFileType = wrapper.application; includeInIndex = 0; path = N4x4.app; sourceTree = BUILT_PRODUCTS_DIR; };
		3DF13A442C9389C100DD18E7 /* N4x4App.swift */ = {isa = PBXFileReference; lastKnownFileType = sourcecode.swift; path = N4x4App.swift; sourceTree = "<group>"; };
		3DF13A462C9389C100DD18E7 /* ContentView.swift */ = {isa = PBXFileReference; lastKnownFileType = sourcecode.swift; path = ContentView.swift; sourceTree = "<group>"; };
		3DF13A482C9389C200DD18E7 /* Assets.xcassets */ = {isa = PBXFileReference; lastKnownFileType = folder.assetcatalog; path = Assets.xcassets; sourceTree = "<group>"; };
		3DF13A4B2C9389C200DD18E7 /* Preview Assets.xcassets */ = {isa = PBXFileReference; lastKnownFileType = folder.assetcatalog; path = "Preview Assets.xcassets"; sourceTree = "<group>"; };
		3DF13A512C9389C200DD18E7 /* N4x4Tests.xctest */ = {isa = PBXFileReference; explicitFileType = wrapper.cfbundle; includeInIndex = 0; path = N4x4Tests.xctest; sourceTree = BUILT_PRODUCTS_DIR; };
		3DF13A552C9389C200DD18E7 /* N4x4Tests.swift */ = {isa = PBXFileReference; lastKnownFileType = sourcecode.swift; path = N4x4Tests.swift; sourceTree = "<group>"; };
		3DF13A5B2C9389C200DD18E7 /* N4x4UITests.xctest */ = {isa = PBXFileReference; explicitFileType = wrapper.cfbundle; includeInIndex = 0; path = N4x4UITests.xctest; sourceTree = BUILT_PRODUCTS_DIR; };
		3DF13A5F2C9389C200DD18E7 /* N4x4UITests.swift */ = {isa = PBXFileReference; lastKnownFileType = sourcecode.swift; path = N4x4UITests.swift; sourceTree = "<group>"; };
		3DF13A612C9389C200DD18E7 /* N4x4UITestsLaunchTests.swift */ = {isa = PBXFileReference; lastKnownFileType = sourcecode.swift; path = N4x4UITestsLaunchTests.swift; sourceTree = "<group>"; };
		3DF13A6E2C938A4F00DD18E7 /* Interval.swift */ = {isa = PBXFileReference; lastKnownFileType = sourcecode.swift; path = Interval.swift; sourceTree = "<group>"; };
		3DF13A702C938A6900DD18E7 /* TimerViewModel.swift */ = {isa = PBXFileReference; lastKnownFileType = sourcecode.swift; path = TimerViewModel.swift; sourceTree = "<group>"; };
		3DF13A722C938A8500DD18E7 /* TimerView.swift */ = {isa = PBXFileReference; lastKnownFileType = sourcecode.swift; path = TimerView.swift; sourceTree = "<group>"; };
		3DF13A742C938A9E00DD18E7 /* SettingsView.swift */ = {isa = PBXFileReference; lastKnownFileType = sourcecode.swift; path = SettingsView.swift; sourceTree = "<group>"; };
		3DF13A762C938ABA00DD18E7 /* Extensions.swift */ = {isa = PBXFileReference; lastKnownFileType = sourcecode.swift; path = Extensions.swift; sourceTree = "<group>"; };
		3DF13A782C938ACF00DD18E7 /* AudioManager.swift */ = {isa = PBXFileReference; lastKnownFileType = sourcecode.swift; path = AudioManager.swift; sourceTree = "<group>"; };
		3DF13A7F2C94D28B00DD18E7 /* alarm.mp3 */ = {isa = PBXFileReference; lastKnownFileType = audio.mp3; path = alarm.mp3; sourceTree = "<group>"; };
/* End PBXFileReference section */

/* Begin PBXFrameworksBuildPhase section */
		3DF13A3E2C9389C100DD18E7 /* Frameworks */ = {
			isa = PBXFrameworksBuildPhase;
			buildActionMask = 2147483647;
			files = (
			);
			runOnlyForDeploymentPostprocessing = 0;
		};
		3DF13A4E2C9389C200DD18E7 /* Frameworks */ = {
			isa = PBXFrameworksBuildPhase;
			buildActionMask = 2147483647;
			files = (
			);
			runOnlyForDeploymentPostprocessing = 0;
		};
		3DF13A582C9389C200DD18E7 /* Frameworks */ = {
			isa = PBXFrameworksBuildPhase;
			buildActionMask = 2147483647;
			files = (
			);
			runOnlyForDeploymentPostprocessing = 0;
		};
/* End PBXFrameworksBuildPhase section */

/* Begin PBXGroup section */
		3DF13A382C9389C100DD18E7 = {
			isa = PBXGroup;
			children = (
				3DF13A432C9389C100DD18E7 /* N4x4 */,
				3DF13A542C9389C200DD18E7 /* N4x4Tests */,
				3DF13A5E2C9389C200DD18E7 /* N4x4UITests */,
				3DF13A422C9389C100DD18E7 /* Products */,
			);
			sourceTree = "<group>";
		};
		3DF13A422C9389C100DD18E7 /* Products */ = {
			isa = PBXGroup;
			children = (
				3DF13A412C9389C100DD18E7 /* N4x4.app */,
				3DF13A512C9389C200DD18E7 /* N4x4Tests.xctest */,
				3DF13A5B2C9389C200DD18E7 /* N4x4UITests.xctest */,
			);
			name = Products;
			sourceTree = "<group>";
		};
		3DF13A432C9389C100DD18E7 /* N4x4 */ = {
			isa = PBXGroup;
			children = (
				3D53FCC72CA0667200E4A09A /* Info.plist */,
				3DF13A7E2C94D25F00DD18E7 /* Sounds */,
				3DF13A442C9389C100DD18E7 /* N4x4App.swift */,
				3DF13A462C9389C100DD18E7 /* ContentView.swift */,
				3DF13A482C9389C200DD18E7 /* Assets.xcassets */,
				3DF13A4A2C9389C200DD18E7 /* Preview Content */,
				3DF13A6E2C938A4F00DD18E7 /* Interval.swift */,
				3DF13A702C938A6900DD18E7 /* TimerViewModel.swift */,
				3DF13A722C938A8500DD18E7 /* TimerView.swift */,
				3DF13A742C938A9E00DD18E7 /* SettingsView.swift */,
				3DF13A762C938ABA00DD18E7 /* Extensions.swift */,
				3DF13A782C938ACF00DD18E7 /* AudioManager.swift */,
				3D516A642CAB347F001279C0 /* HelpView.swift */,
			);
			path = N4x4;
			sourceTree = "<group>";
		};
		3DF13A4A2C9389C200DD18E7 /* Preview Content */ = {
			isa = PBXGroup;
			children = (
				3DF13A4B2C9389C200DD18E7 /* Preview Assets.xcassets */,
			);
			path = "Preview Content";
			sourceTree = "<group>";
		};
		3DF13A542C9389C200DD18E7 /* N4x4Tests */ = {
			isa = PBXGroup;
			children = (
				3DF13A552C9389C200DD18E7 /* N4x4Tests.swift */,
			);
			path = N4x4Tests;
			sourceTree = "<group>";
		};
		3DF13A5E2C9389C200DD18E7 /* N4x4UITests */ = {
			isa = PBXGroup;
			children = (
				3DF13A5F2C9389C200DD18E7 /* N4x4UITests.swift */,
				3DF13A612C9389C200DD18E7 /* N4x4UITestsLaunchTests.swift */,
			);
			path = N4x4UITests;
			sourceTree = "<group>";
		};
		3DF13A7E2C94D25F00DD18E7 /* Sounds */ = {
			isa = PBXGroup;
			children = (
				3DF13A7F2C94D28B00DD18E7 /* alarm.mp3 */,
			);
			path = Sounds;
			sourceTree = "<group>";
		};
/* End PBXGroup section */

/* Begin PBXNativeTarget section */
		3DF13A402C9389C100DD18E7 /* N4x4 */ = {
			isa = PBXNativeTarget;
			buildConfigurationList = 3DF13A652C9389C200DD18E7 /* Build configuration list for PBXNativeTarget "N4x4" */;
			buildPhases = (
				3DF13A3D2C9389C100DD18E7 /* Sources */,
				3DF13A3E2C9389C100DD18E7 /* Frameworks */,
				3DF13A3F2C9389C100DD18E7 /* Resources */,
			);
			buildRules = (
			);
			dependencies = (
			);
			name = N4x4;
			productName = N4x4;
			productReference = 3DF13A412C9389C100DD18E7 /* N4x4.app */;
			productType = "com.apple.product-type.application";
		};
		3DF13A502C9389C200DD18E7 /* N4x4Tests */ = {
			isa = PBXNativeTarget;
			buildConfigurationList = 3DF13A682C9389C200DD18E7 /* Build configuration list for PBXNativeTarget "N4x4Tests" */;
			buildPhases = (
				3DF13A4D2C9389C200DD18E7 /* Sources */,
				3DF13A4E2C9389C200DD18E7 /* Frameworks */,
				3DF13A4F2C9389C200DD18E7 /* Resources */,
			);
			buildRules = (
			);
			dependencies = (
				3DF13A532C9389C200DD18E7 /* PBXTargetDependency */,
			);
			name = N4x4Tests;
			productName = N4x4Tests;
			productReference = 3DF13A512C9389C200DD18E7 /* N4x4Tests.xctest */;
			productType = "com.apple.product-type.bundle.unit-test";
		};
		3DF13A5A2C9389C200DD18E7 /* N4x4UITests */ = {
			isa = PBXNativeTarget;
			buildConfigurationList = 3DF13A6B2C9389C200DD18E7 /* Build configuration list for PBXNativeTarget "N4x4UITests" */;
			buildPhases = (
				3DF13A572C9389C200DD18E7 /* Sources */,
				3DF13A582C9389C200DD18E7 /* Frameworks */,
				3DF13A592C9389C200DD18E7 /* Resources */,
			);
			buildRules = (
			);
			dependencies = (
				3DF13A5D2C9389C200DD18E7 /* PBXTargetDependency */,
			);
			name = N4x4UITests;
			productName = N4x4UITests;
			productReference = 3DF13A5B2C9389C200DD18E7 /* N4x4UITests.xctest */;
			productType = "com.apple.product-type.bundle.ui-testing";
		};
/* End PBXNativeTarget section */

/* Begin PBXProject section */
		3DF13A392C9389C100DD18E7 /* Project object */ = {
			isa = PBXProject;
			attributes = {
				BuildIndependentTargetsInParallel = 1;
				LastSwiftUpdateCheck = 1540;
				LastUpgradeCheck = 1540;
				TargetAttributes = {
					3DF13A402C9389C100DD18E7 = {
						CreatedOnToolsVersion = 15.4;
					};
					3DF13A502C9389C200DD18E7 = {
						CreatedOnToolsVersion = 15.4;
						TestTargetID = 3DF13A402C9389C100DD18E7;
					};
					3DF13A5A2C9389C200DD18E7 = {
						CreatedOnToolsVersion = 15.4;
						TestTargetID = 3DF13A402C9389C100DD18E7;
					};
				};
			};
			buildConfigurationList = 3DF13A3C2C9389C100DD18E7 /* Build configuration list for PBXProject "N4x4" */;
			compatibilityVersion = "Xcode 14.0";
			developmentRegion = en;
			hasScannedForEncodings = 0;
			knownRegions = (
				en,
				Base,
			);
			mainGroup = 3DF13A382C9389C100DD18E7;
			productRefGroup = 3DF13A422C9389C100DD18E7 /* Products */;
			projectDirPath = "";
			projectRoot = "";
			targets = (
				3DF13A402C9389C100DD18E7 /* N4x4 */,
				3DF13A502C9389C200DD18E7 /* N4x4Tests */,
				3DF13A5A2C9389C200DD18E7 /* N4x4UITests */,
			);
		};
/* End PBXProject section */

/* Begin PBXResourcesBuildPhase section */
		3DF13A3F2C9389C100DD18E7 /* Resources */ = {
			isa = PBXResourcesBuildPhase;
			buildActionMask = 2147483647;
			files = (
				3DF13A4C2C9389C200DD18E7 /* Preview Assets.xcassets in Resources */,
				3DF13A492C9389C200DD18E7 /* Assets.xcassets in Resources */,
				3DF13A802C94D28B00DD18E7 /* alarm.mp3 in Resources */,
			);
			runOnlyForDeploymentPostprocessing = 0;
		};
		3DF13A4F2C9389C200DD18E7 /* Resources */ = {
			isa = PBXResourcesBuildPhase;
			buildActionMask = 2147483647;
			files = (
			);
			runOnlyForDeploymentPostprocessing = 0;
		};
		3DF13A592C9389C200DD18E7 /* Resources */ = {
			isa = PBXResourcesBuildPhase;
			buildActionMask = 2147483647;
			files = (
			);
			runOnlyForDeploymentPostprocessing = 0;
		};
/* End PBXResourcesBuildPhase section */

/* Begin PBXSourcesBuildPhase section */
		3DF13A3D2C9389C100DD18E7 /* Sources */ = {
			isa = PBXSourcesBuildPhase;
			buildActionMask = 2147483647;
			files = (
				3DF13A732C938A8500DD18E7 /* TimerView.swift in Sources */,
				3DF13A712C938A6900DD18E7 /* TimerViewModel.swift in Sources */,
				3DF13A792C938ACF00DD18E7 /* AudioManager.swift in Sources */,
				3DF13A472C9389C100DD18E7 /* ContentView.swift in Sources */,
				3D516A652CAB347F001279C0 /* HelpView.swift in Sources */,
				3DF13A752C938A9E00DD18E7 /* SettingsView.swift in Sources */,
				3DF13A452C9389C100DD18E7 /* N4x4App.swift in Sources */,
				3DF13A6F2C938A4F00DD18E7 /* Interval.swift in Sources */,
				3DF13A772C938ABA00DD18E7 /* Extensions.swift in Sources */,
			);
			runOnlyForDeploymentPostprocessing = 0;
		};
		3DF13A4D2C9389C200DD18E7 /* Sources */ = {
			isa = PBXSourcesBuildPhase;
			buildActionMask = 2147483647;
			files = (
				3DF13A562C9389C200DD18E7 /* N4x4Tests.swift in Sources */,
			);
			runOnlyForDeploymentPostprocessing = 0;
		};
		3DF13A572C9389C200DD18E7 /* Sources */ = {
			isa = PBXSourcesBuildPhase;
			buildActionMask = 2147483647;
			files = (
				3DF13A622C9389C200DD18E7 /* N4x4UITestsLaunchTests.swift in Sources */,
				3DF13A602C9389C200DD18E7 /* N4x4UITests.swift in Sources */,
			);
			runOnlyForDeploymentPostprocessing = 0;
		};
/* End PBXSourcesBuildPhase section */

/* Begin PBXTargetDependency section */
		3DF13A532C9389C200DD18E7 /* PBXTargetDependency */ = {
			isa = PBXTargetDependency;
			target = 3DF13A402C9389C100DD18E7 /* N4x4 */;
			targetProxy = 3DF13A522C9389C200DD18E7 /* PBXContainerItemProxy */;
		};
		3DF13A5D2C9389C200DD18E7 /* PBXTargetDependency */ = {
			isa = PBXTargetDependency;
			target = 3DF13A402C9389C100DD18E7 /* N4x4 */;
			targetProxy = 3DF13A5C2C9389C200DD18E7 /* PBXContainerItemProxy */;
		};
/* End PBXTargetDependency section */

/* Begin XCBuildConfiguration section */
		3DF13A632C9389C200DD18E7 /* Debug */ = {
			isa = XCBuildConfiguration;
			buildSettings = {
				ALWAYS_SEARCH_USER_PATHS = NO;
				ASSETCATALOG_COMPILER_GENERATE_SWIFT_ASSET_SYMBOL_EXTENSIONS = YES;
				CLANG_ANALYZER_NONNULL = YES;
				CLANG_ANALYZER_NUMBER_OBJECT_CONVERSION = YES_AGGRESSIVE;
				CLANG_CXX_LANGUAGE_STANDARD = "gnu++20";
				CLANG_ENABLE_MODULES = YES;
				CLANG_ENABLE_OBJC_ARC = YES;
				CLANG_ENABLE_OBJC_WEAK = YES;
				CLANG_WARN_BLOCK_CAPTURE_AUTORELEASING = YES;
				CLANG_WARN_BOOL_CONVERSION = YES;
				CLANG_WARN_COMMA = YES;
				CLANG_WARN_CONSTANT_CONVERSION = YES;
				CLANG_WARN_DEPRECATED_OBJC_IMPLEMENTATIONS = YES;
				CLANG_WARN_DIRECT_OBJC_ISA_USAGE = YES_ERROR;
				CLANG_WARN_DOCUMENTATION_COMMENTS = YES;
				CLANG_WARN_EMPTY_BODY = YES;
				CLANG_WARN_ENUM_CONVERSION = YES;
				CLANG_WARN_INFINITE_RECURSION = YES;
				CLANG_WARN_INT_CONVERSION = YES;
				CLANG_WARN_NON_LITERAL_NULL_CONVERSION = YES;
				CLANG_WARN_OBJC_IMPLICIT_RETAIN_SELF = YES;
				CLANG_WARN_OBJC_LITERAL_CONVERSION = YES;
				CLANG_WARN_OBJC_ROOT_CLASS = YES_ERROR;
				CLANG_WARN_QUOTED_INCLUDE_IN_FRAMEWORK_HEADER = YES;
				CLANG_WARN_RANGE_LOOP_ANALYSIS = YES;
				CLANG_WARN_STRICT_PROTOTYPES = YES;
				CLANG_WARN_SUSPICIOUS_MOVE = YES;
				CLANG_WARN_UNGUARDED_AVAILABILITY = YES_AGGRESSIVE;
				CLANG_WARN_UNREACHABLE_CODE = YES;
				CLANG_WARN__DUPLICATE_METHOD_MATCH = YES;
				COPY_PHASE_STRIP = NO;
				DEBUG_INFORMATION_FORMAT = dwarf;
				ENABLE_STRICT_OBJC_MSGSEND = YES;
				ENABLE_TESTABILITY = YES;
				ENABLE_USER_SCRIPT_SANDBOXING = YES;
				GCC_C_LANGUAGE_STANDARD = gnu17;
				GCC_DYNAMIC_NO_PIC = NO;
				GCC_NO_COMMON_BLOCKS = YES;
				GCC_OPTIMIZATION_LEVEL = 0;
				GCC_PREPROCESSOR_DEFINITIONS = (
					"DEBUG=1",
					"$(inherited)",
				);
				GCC_WARN_64_TO_32_BIT_CONVERSION = YES;
				GCC_WARN_ABOUT_RETURN_TYPE = YES_ERROR;
				GCC_WARN_UNDECLARED_SELECTOR = YES;
				GCC_WARN_UNINITIALIZED_AUTOS = YES_AGGRESSIVE;
				GCC_WARN_UNUSED_FUNCTION = YES;
				GCC_WARN_UNUSED_VARIABLE = YES;
				IPHONEOS_DEPLOYMENT_TARGET = 17.5;
				LOCALIZATION_PREFERS_STRING_CATALOGS = YES;
				MTL_ENABLE_DEBUG_INFO = INCLUDE_SOURCE;
				MTL_FAST_MATH = YES;
				ONLY_ACTIVE_ARCH = YES;
				SDKROOT = iphoneos;
				SWIFT_ACTIVE_COMPILATION_CONDITIONS = "DEBUG $(inherited)";
				SWIFT_OPTIMIZATION_LEVEL = "-Onone";
			};
			name = Debug;
		};
		3DF13A642C9389C200DD18E7 /* Release */ = {
			isa = XCBuildConfiguration;
			buildSettings = {
				ALWAYS_SEARCH_USER_PATHS = NO;
				ASSETCATALOG_COMPILER_GENERATE_SWIFT_ASSET_SYMBOL_EXTENSIONS = YES;
				CLANG_ANALYZER_NONNULL = YES;
				CLANG_ANALYZER_NUMBER_OBJECT_CONVERSION = YES_AGGRESSIVE;
				CLANG_CXX_LANGUAGE_STANDARD = "gnu++20";
				CLANG_ENABLE_MODULES = YES;
				CLANG_ENABLE_OBJC_ARC = YES;
				CLANG_ENABLE_OBJC_WEAK = YES;
				CLANG_WARN_BLOCK_CAPTURE_AUTORELEASING = YES;
				CLANG_WARN_BOOL_CONVERSION = YES;
				CLANG_WARN_COMMA = YES;
				CLANG_WARN_CONSTANT_CONVERSION = YES;
				CLANG_WARN_DEPRECATED_OBJC_IMPLEMENTATIONS = YES;
				CLANG_WARN_DIRECT_OBJC_ISA_USAGE = YES_ERROR;
				CLANG_WARN_DOCUMENTATION_COMMENTS = YES;
				CLANG_WARN_EMPTY_BODY = YES;
				CLANG_WARN_ENUM_CONVERSION = YES;
				CLANG_WARN_INFINITE_RECURSION = YES;
				CLANG_WARN_INT_CONVERSION = YES;
				CLANG_WARN_NON_LITERAL_NULL_CONVERSION = YES;
				CLANG_WARN_OBJC_IMPLICIT_RETAIN_SELF = YES;
				CLANG_WARN_OBJC_LITERAL_CONVERSION = YES;
				CLANG_WARN_OBJC_ROOT_CLASS = YES_ERROR;
				CLANG_WARN_QUOTED_INCLUDE_IN_FRAMEWORK_HEADER = YES;
				CLANG_WARN_RANGE_LOOP_ANALYSIS = YES;
				CLANG_WARN_STRICT_PROTOTYPES = YES;
				CLANG_WARN_SUSPICIOUS_MOVE = YES;
				CLANG_WARN_UNGUARDED_AVAILABILITY = YES_AGGRESSIVE;
				CLANG_WARN_UNREACHABLE_CODE = YES;
				CLANG_WARN__DUPLICATE_METHOD_MATCH = YES;
				COPY_PHASE_STRIP = NO;
				DEBUG_INFORMATION_FORMAT = "dwarf-with-dsym";
				ENABLE_NS_ASSERTIONS = NO;
				ENABLE_STRICT_OBJC_MSGSEND = YES;
				ENABLE_USER_SCRIPT_SANDBOXING = YES;
				GCC_C_LANGUAGE_STANDARD = gnu17;
				GCC_NO_COMMON_BLOCKS = YES;
				GCC_WARN_64_TO_32_BIT_CONVERSION = YES;
				GCC_WARN_ABOUT_RETURN_TYPE = YES_ERROR;
				GCC_WARN_UNDECLARED_SELECTOR = YES;
				GCC_WARN_UNINITIALIZED_AUTOS = YES_AGGRESSIVE;
				GCC_WARN_UNUSED_FUNCTION = YES;
				GCC_WARN_UNUSED_VARIABLE = YES;
				IPHONEOS_DEPLOYMENT_TARGET = 17.5;
				LOCALIZATION_PREFERS_STRING_CATALOGS = YES;
				MTL_ENABLE_DEBUG_INFO = NO;
				MTL_FAST_MATH = YES;
				SDKROOT = iphoneos;
				SWIFT_COMPILATION_MODE = wholemodule;
				VALIDATE_PRODUCT = YES;
			};
			name = Release;
		};
		3DF13A662C9389C200DD18E7 /* Debug */ = {
			isa = XCBuildConfiguration;
			buildSettings = {
				ASSETCATALOG_COMPILER_APPICON_NAME = AppIcon;
				ASSETCATALOG_COMPILER_GLOBAL_ACCENT_COLOR_NAME = AccentColor;
				CODE_SIGN_STYLE = Automatic;
				CURRENT_PROJECT_VERSION = 1;
				DEVELOPMENT_ASSET_PATHS = "\"N4x4/Preview Content\"";
				DEVELOPMENT_TEAM = 8VG9JUJ855;
				ENABLE_PREVIEWS = YES;
				GENERATE_INFOPLIST_FILE = YES;
				INFOPLIST_FILE = N4x4/Info.plist;
				INFOPLIST_KEY_CFBundleDisplayName = N4x4;
				INFOPLIST_KEY_LSApplicationCategoryType = "public.app-category.healthcare-fitness";
				INFOPLIST_KEY_UIApplicationSceneManifest_Generation = YES;
				INFOPLIST_KEY_UIApplicationSupportsIndirectInputEvents = YES;
				INFOPLIST_KEY_UILaunchScreen_Generation = YES;
				INFOPLIST_KEY_UISupportedInterfaceOrientations = UIInterfaceOrientationPortrait;
				LD_RUNPATH_SEARCH_PATHS = (
					"$(inherited)",
					"@executable_path/Frameworks",
				);
				MARKETING_VERSION = 1.32;
				PRODUCT_BUNDLE_IDENTIFIER = "Jan-van-Rensburg.N4x4";
				PRODUCT_NAME = "$(TARGET_NAME)";
				SUPPORTED_PLATFORMS = "iphoneos iphonesimulator";
				SUPPORTS_MACCATALYST = NO;
				SUPPORTS_MAC_DESIGNED_FOR_IPHONE_IPAD = NO;
				SUPPORTS_XR_DESIGNED_FOR_IPHONE_IPAD = NO;
				SWIFT_EMIT_LOC_STRINGS = YES;
				SWIFT_VERSION = 5.0;
				TARGETED_DEVICE_FAMILY = 1;
			};
			name = Debug;
		};
		3DF13A672C9389C200DD18E7 /* Release */ = {
			isa = XCBuildConfiguration;
			buildSettings = {
				ASSETCATALOG_COMPILER_APPICON_NAME = AppIcon;
				ASSETCATALOG_COMPILER_GLOBAL_ACCENT_COLOR_NAME = AccentColor;
				CODE_SIGN_STYLE = Automatic;
				CURRENT_PROJECT_VERSION = 1;
				DEVELOPMENT_ASSET_PATHS = "\"N4x4/Preview Content\"";
				DEVELOPMENT_TEAM = 8VG9JUJ855;
				ENABLE_PREVIEWS = YES;
				GENERATE_INFOPLIST_FILE = YES;
				INFOPLIST_FILE = N4x4/Info.plist;
				INFOPLIST_KEY_CFBundleDisplayName = N4x4;
				INFOPLIST_KEY_LSApplicationCategoryType = "public.app-category.healthcare-fitness";
				INFOPLIST_KEY_UIApplicationSceneManifest_Generation = YES;
				INFOPLIST_KEY_UIApplicationSupportsIndirectInputEvents = YES;
				INFOPLIST_KEY_UILaunchScreen_Generation = YES;
				INFOPLIST_KEY_UISupportedInterfaceOrientations = UIInterfaceOrientationPortrait;
				LD_RUNPATH_SEARCH_PATHS = (
					"$(inherited)",
					"@executable_path/Frameworks",
				);
				MARKETING_VERSION = 1.32;
				PRODUCT_BUNDLE_IDENTIFIER = "Jan-van-Rensburg.N4x4";
				PRODUCT_NAME = "$(TARGET_NAME)";
				SUPPORTED_PLATFORMS = "iphoneos iphonesimulator";
				SUPPORTS_MACCATALYST = NO;
				SUPPORTS_MAC_DESIGNED_FOR_IPHONE_IPAD = NO;
				SUPPORTS_XR_DESIGNED_FOR_IPHONE_IPAD = NO;
				SWIFT_EMIT_LOC_STRINGS = YES;
				SWIFT_VERSION = 5.0;
				TARGETED_DEVICE_FAMILY = 1;
			};
			name = Release;
		};
		3DF13A692C9389C200DD18E7 /* Debug */ = {
			isa = XCBuildConfiguration;
			buildSettings = {
				ALWAYS_EMBED_SWIFT_STANDARD_LIBRARIES = YES;
				BUNDLE_LOADER = "$(TEST_HOST)";
				CODE_SIGN_STYLE = Automatic;
				CURRENT_PROJECT_VERSION = 1;
				GENERATE_INFOPLIST_FILE = YES;
				IPHONEOS_DEPLOYMENT_TARGET = 17.5;
				MARKETING_VERSION = 1.0;
				PRODUCT_BUNDLE_IDENTIFIER = "Jan-van-Rensburg.N4x4Tests";
				PRODUCT_NAME = "$(TARGET_NAME)";
				SWIFT_EMIT_LOC_STRINGS = NO;
				SWIFT_VERSION = 5.0;
				TARGETED_DEVICE_FAMILY = "1,2";
				TEST_HOST = "$(BUILT_PRODUCTS_DIR)/N4x4.app/$(BUNDLE_EXECUTABLE_FOLDER_PATH)/N4x4";
			};
			name = Debug;
		};
		3DF13A6A2C9389C200DD18E7 /* Release */ = {
			isa = XCBuildConfiguration;
			buildSettings = {
				ALWAYS_EMBED_SWIFT_STANDARD_LIBRARIES = YES;
				BUNDLE_LOADER = "$(TEST_HOST)";
				CODE_SIGN_STYLE = Automatic;
				CURRENT_PROJECT_VERSION = 1;
				GENERATE_INFOPLIST_FILE = YES;
				IPHONEOS_DEPLOYMENT_TARGET = 17.5;
				MARKETING_VERSION = 1.0;
				PRODUCT_BUNDLE_IDENTIFIER = "Jan-van-Rensburg.N4x4Tests";
				PRODUCT_NAME = "$(TARGET_NAME)";
				SWIFT_EMIT_LOC_STRINGS = NO;
				SWIFT_VERSION = 5.0;
				TARGETED_DEVICE_FAMILY = "1,2";
				TEST_HOST = "$(BUILT_PRODUCTS_DIR)/N4x4.app/$(BUNDLE_EXECUTABLE_FOLDER_PATH)/N4x4";
			};
			name = Release;
		};
		3DF13A6C2C9389C200DD18E7 /* Debug */ = {
			isa = XCBuildConfiguration;
			buildSettings = {
				ALWAYS_EMBED_SWIFT_STANDARD_LIBRARIES = YES;
				CODE_SIGN_STYLE = Automatic;
				CURRENT_PROJECT_VERSION = 1;
				GENERATE_INFOPLIST_FILE = YES;
				MARKETING_VERSION = 1.0;
				PRODUCT_BUNDLE_IDENTIFIER = "Jan-van-Rensburg.N4x4UITests";
				PRODUCT_NAME = "$(TARGET_NAME)";
				SWIFT_EMIT_LOC_STRINGS = NO;
				SWIFT_VERSION = 5.0;
				TARGETED_DEVICE_FAMILY = "1,2";
				TEST_TARGET_NAME = N4x4;
			};
			name = Debug;
		};
		3DF13A6D2C9389C200DD18E7 /* Release */ = {
			isa = XCBuildConfiguration;
			buildSettings = {
				ALWAYS_EMBED_SWIFT_STANDARD_LIBRARIES = YES;
				CODE_SIGN_STYLE = Automatic;
				CURRENT_PROJECT_VERSION = 1;
				GENERATE_INFOPLIST_FILE = YES;
				MARKETING_VERSION = 1.0;
				PRODUCT_BUNDLE_IDENTIFIER = "Jan-van-Rensburg.N4x4UITests";
				PRODUCT_NAME = "$(TARGET_NAME)";
				SWIFT_EMIT_LOC_STRINGS = NO;
				SWIFT_VERSION = 5.0;
				TARGETED_DEVICE_FAMILY = "1,2";
				TEST_TARGET_NAME = N4x4;
			};
			name = Release;
		};
/* End XCBuildConfiguration section */

/* Begin XCConfigurationList section */
		3DF13A3C2C9389C100DD18E7 /* Build configuration list for PBXProject "N4x4" */ = {
			isa = XCConfigurationList;
			buildConfigurations = (
				3DF13A632C9389C200DD18E7 /* Debug */,
				3DF13A642C9389C200DD18E7 /* Release */,
			);
			defaultConfigurationIsVisible = 0;
			defaultConfigurationName = Release;
		};
		3DF13A652C9389C200DD18E7 /* Build configuration list for PBXNativeTarget "N4x4" */ = {
			isa = XCConfigurationList;
			buildConfigurations = (
				3DF13A662C9389C200DD18E7 /* Debug */,
				3DF13A672C9389C200DD18E7 /* Release */,
			);
			defaultConfigurationIsVisible = 0;
			defaultConfigurationName = Release;
		};
		3DF13A682C9389C200DD18E7 /* Build configuration list for PBXNativeTarget "N4x4Tests" */ = {
			isa = XCConfigurationList;
			buildConfigurations = (
				3DF13A692C9389C200DD18E7 /* Debug */,
				3DF13A6A2C9389C200DD18E7 /* Release */,
			);
			defaultConfigurationIsVisible = 0;
			defaultConfigurationName = Release;
		};
		3DF13A6B2C9389C200DD18E7 /* Build configuration list for PBXNativeTarget "N4x4UITests" */ = {
			isa = XCConfigurationList;
			buildConfigurations = (
				3DF13A6C2C9389C200DD18E7 /* Debug */,
				3DF13A6D2C9389C200DD18E7 /* Release */,
			);
			defaultConfigurationIsVisible = 0;
			defaultConfigurationName = Release;
		};
/* End XCConfigurationList section */
	};
	rootObject = 3DF13A392C9389C100DD18E7 /* Project object */;
}
